// !$*UTF8*$!
{
	archiveVersion = 1;
	classes = {
	};
	objectVersion = 56;
	objects = {

/* Begin PBXBuildFile section */
		B507122329F7DA5300E40EC6 /* ToDoListAppApp.swift in Sources */ = {isa = PBXBuildFile; fileRef = B507122229F7DA5300E40EC6 /* ToDoListAppApp.swift */; };
		B507122529F7DA5300E40EC6 /* TaskListView.swift in Sources */ = {isa = PBXBuildFile; fileRef = B507122429F7DA5300E40EC6 /* TaskListView.swift */; };
		B507122729F7DA5400E40EC6 /* Assets.xcassets in Resources */ = {isa = PBXBuildFile; fileRef = B507122629F7DA5400E40EC6 /* Assets.xcassets */; };
		B507122A29F7DA5400E40EC6 /* Preview Assets.xcassets in Resources */ = {isa = PBXBuildFile; fileRef = B507122929F7DA5400E40EC6 /* Preview Assets.xcassets */; };
		B507122C29F7DA5400E40EC6 /* Persistence.swift in Sources */ = {isa = PBXBuildFile; fileRef = B507122B29F7DA5400E40EC6 /* Persistence.swift */; };
		B507122F29F7DA5400E40EC6 /* ToDoListApp.xcdatamodeld in Sources */ = {isa = PBXBuildFile; fileRef = B507122D29F7DA5400E40EC6 /* ToDoListApp.xcdatamodeld */; };
		B507123729F7DEB900E40EC6 /* FloatingButton.swift in Sources */ = {isa = PBXBuildFile; fileRef = B507123629F7DEB900E40EC6 /* FloatingButton.swift */; };
		B507123A29F7E03D00E40EC6 /* TaskEditView.swift in Sources */ = {isa = PBXBuildFile; fileRef = B507123929F7E03D00E40EC6 /* TaskEditView.swift */; };
		B5B07EBB2A49F7B700EA0A43 /* EditFieldView.swift in Sources */ = {isa = PBXBuildFile; fileRef = B5B07EBA2A49F7B700EA0A43 /* EditFieldView.swift */; };
		B5D31C0D29F7F769004B7BE4 /* DataHolder.swift in Sources */ = {isa = PBXBuildFile; fileRef = B5D31C0C29F7F769004B7BE4 /* DataHolder.swift */; };
		B5D31C0F29F7FD40004B7BE4 /* TaskCell.swift in Sources */ = {isa = PBXBuildFile; fileRef = B5D31C0E29F7FD40004B7BE4 /* TaskCell.swift */; };
		B5D31C1129F813BD004B7BE4 /* CheckBoxView.swift in Sources */ = {isa = PBXBuildFile; fileRef = B5D31C1029F813BD004B7BE4 /* CheckBoxView.swift */; };
		B5D31C1429F81590004B7BE4 /* TaskItemExtension.swift in Sources */ = {isa = PBXBuildFile; fileRef = B5D31C1329F81590004B7BE4 /* TaskItemExtension.swift */; };
/* End PBXBuildFile section */

/* Begin PBXFileReference section */
		B507121F29F7DA5300E40EC6 /* ToDoListApp.app */ = {isa = PBXFileReference; explicitFileType = wrapper.application; includeInIndex = 0; path = ToDoListApp.app; sourceTree = BUILT_PRODUCTS_DIR; };
		B507122229F7DA5300E40EC6 /* ToDoListAppApp.swift */ = {isa = PBXFileReference; lastKnownFileType = sourcecode.swift; path = ToDoListAppApp.swift; sourceTree = "<group>"; };
		B507122429F7DA5300E40EC6 /* TaskListView.swift */ = {isa = PBXFileReference; lastKnownFileType = sourcecode.swift; path = TaskListView.swift; sourceTree = "<group>"; };
		B507122629F7DA5400E40EC6 /* Assets.xcassets */ = {isa = PBXFileReference; lastKnownFileType = folder.assetcatalog; path = Assets.xcassets; sourceTree = "<group>"; };
		B507122929F7DA5400E40EC6 /* Preview Assets.xcassets */ = {isa = PBXFileReference; lastKnownFileType = folder.assetcatalog; path = "Preview Assets.xcassets"; sourceTree = "<group>"; };
		B507122B29F7DA5400E40EC6 /* Persistence.swift */ = {isa = PBXFileReference; lastKnownFileType = sourcecode.swift; path = Persistence.swift; sourceTree = "<group>"; };
		B507122E29F7DA5400E40EC6 /* ToDoListApp.xcdatamodel */ = {isa = PBXFileReference; lastKnownFileType = wrapper.xcdatamodel; path = ToDoListApp.xcdatamodel; sourceTree = "<group>"; };
		B507123029F7DA5400E40EC6 /* Info.plist */ = {isa = PBXFileReference; lastKnownFileType = text.plist.xml; path = Info.plist; sourceTree = "<group>"; };
		B507123629F7DEB900E40EC6 /* FloatingButton.swift */ = {isa = PBXFileReference; lastKnownFileType = sourcecode.swift; path = FloatingButton.swift; sourceTree = "<group>"; };
		B507123929F7E03D00E40EC6 /* TaskEditView.swift */ = {isa = PBXFileReference; lastKnownFileType = sourcecode.swift; path = TaskEditView.swift; sourceTree = "<group>"; };
		B5B07EBA2A49F7B700EA0A43 /* EditFieldView.swift */ = {isa = PBXFileReference; lastKnownFileType = sourcecode.swift; path = EditFieldView.swift; sourceTree = "<group>"; };
		B5D31C0C29F7F769004B7BE4 /* DataHolder.swift */ = {isa = PBXFileReference; lastKnownFileType = sourcecode.swift; path = DataHolder.swift; sourceTree = "<group>"; };
		B5D31C0E29F7FD40004B7BE4 /* TaskCell.swift */ = {isa = PBXFileReference; lastKnownFileType = sourcecode.swift; path = TaskCell.swift; sourceTree = "<group>"; };
		B5D31C1029F813BD004B7BE4 /* CheckBoxView.swift */ = {isa = PBXFileReference; lastKnownFileType = sourcecode.swift; path = CheckBoxView.swift; sourceTree = "<group>"; };
		B5D31C1329F81590004B7BE4 /* TaskItemExtension.swift */ = {isa = PBXFileReference; lastKnownFileType = sourcecode.swift; path = TaskItemExtension.swift; sourceTree = "<group>"; };
/* End PBXFileReference section */

/* Begin PBXFrameworksBuildPhase section */
		B507121C29F7DA5200E40EC6 /* Frameworks */ = {
			isa = PBXFrameworksBuildPhase;
			buildActionMask = 2147483647;
			files = (
			);
			runOnlyForDeploymentPostprocessing = 0;
		};
/* End PBXFrameworksBuildPhase section */

/* Begin PBXGroup section */
		B507121629F7DA5200E40EC6 = {
			isa = PBXGroup;
			children = (
				B507122129F7DA5300E40EC6 /* ToDoListApp */,
				B507122029F7DA5300E40EC6 /* Products */,
			);
			sourceTree = "<group>";
		};
		B507122029F7DA5300E40EC6 /* Products */ = {
			isa = PBXGroup;
			children = (
				B507121F29F7DA5300E40EC6 /* ToDoListApp.app */,
			);
			name = Products;
			sourceTree = "<group>";
		};
		B507122129F7DA5300E40EC6 /* ToDoListApp */ = {
			isa = PBXGroup;
			children = (
				B507122229F7DA5300E40EC6 /* ToDoListAppApp.swift */,
				B5D31C1229F81558004B7BE4 /* Model */,
				B507123829F7E00100E40EC6 /* View */,
				B507122629F7DA5400E40EC6 /* Assets.xcassets */,
				B507122D29F7DA5400E40EC6 /* ToDoListApp.xcdatamodeld */,
				B507123029F7DA5400E40EC6 /* Info.plist */,
				B507122829F7DA5400E40EC6 /* Preview Content */,
			);
			path = ToDoListApp;
			sourceTree = "<group>";
		};
		B507122829F7DA5400E40EC6 /* Preview Content */ = {
			isa = PBXGroup;
			children = (
				B507122929F7DA5400E40EC6 /* Preview Assets.xcassets */,
			);
			path = "Preview Content";
			sourceTree = "<group>";
		};
		B507123829F7E00100E40EC6 /* View */ = {
			isa = PBXGroup;
			children = (
				B507122429F7DA5300E40EC6 /* TaskListView.swift */,
				B5D31C0E29F7FD40004B7BE4 /* TaskCell.swift */,
				B507123929F7E03D00E40EC6 /* TaskEditView.swift */,
				B5B07EBA2A49F7B700EA0A43 /* EditFieldView.swift */,
				B5D31C1029F813BD004B7BE4 /* CheckBoxView.swift */,
				B507123629F7DEB900E40EC6 /* FloatingButton.swift */,
			);
			path = View;
			sourceTree = "<group>";
		};
		B5D31C1229F81558004B7BE4 /* Model */ = {
			isa = PBXGroup;
			children = (
				B5D31C0C29F7F769004B7BE4 /* DataHolder.swift */,
				B507122B29F7DA5400E40EC6 /* Persistence.swift */,
				B5D31C1329F81590004B7BE4 /* TaskItemExtension.swift */,
			);
			path = Model;
			sourceTree = "<group>";
		};
/* End PBXGroup section */

/* Begin PBXNativeTarget section */
		B507121E29F7DA5200E40EC6 /* ToDoListApp */ = {
			isa = PBXNativeTarget;
			buildConfigurationList = B507123329F7DA5400E40EC6 /* Build configuration list for PBXNativeTarget "ToDoListApp" */;
			buildPhases = (
				B507121B29F7DA5200E40EC6 /* Sources */,
				B507121C29F7DA5200E40EC6 /* Frameworks */,
				B507121D29F7DA5200E40EC6 /* Resources */,
			);
			buildRules = (
			);
			dependencies = (
			);
			name = ToDoListApp;
			productName = ToDoListApp;
			productReference = B507121F29F7DA5300E40EC6 /* ToDoListApp.app */;
			productType = "com.apple.product-type.application";
		};
/* End PBXNativeTarget section */

/* Begin PBXProject section */
		B507121729F7DA5200E40EC6 /* Project object */ = {
			isa = PBXProject;
			attributes = {
				BuildIndependentTargetsInParallel = 1;
				LastSwiftUpdateCheck = 1420;
				LastUpgradeCheck = 1420;
				TargetAttributes = {
					B507121E29F7DA5200E40EC6 = {
						CreatedOnToolsVersion = 14.2;
					};
				};
			};
			buildConfigurationList = B507121A29F7DA5200E40EC6 /* Build configuration list for PBXProject "ToDoListApp" */;
			compatibilityVersion = "Xcode 14.0";
			developmentRegion = en;
			hasScannedForEncodings = 0;
			knownRegions = (
				en,
				Base,
			);
			mainGroup = B507121629F7DA5200E40EC6;
			productRefGroup = B507122029F7DA5300E40EC6 /* Products */;
			projectDirPath = "";
			projectRoot = "";
			targets = (
				B507121E29F7DA5200E40EC6 /* ToDoListApp */,
			);
		};
/* End PBXProject section */

/* Begin PBXResourcesBuildPhase section */
		B507121D29F7DA5200E40EC6 /* Resources */ = {
			isa = PBXResourcesBuildPhase;
			buildActionMask = 2147483647;
			files = (
				B507122A29F7DA5400E40EC6 /* Preview Assets.xcassets in Resources */,
				B507122729F7DA5400E40EC6 /* Assets.xcassets in Resources */,
			);
			runOnlyForDeploymentPostprocessing = 0;
		};
/* End PBXResourcesBuildPhase section */

/* Begin PBXSourcesBuildPhase section */
		B507121B29F7DA5200E40EC6 /* Sources */ = {
			isa = PBXSourcesBuildPhase;
			buildActionMask = 2147483647;
			files = (
				B5D31C0D29F7F769004B7BE4 /* DataHolder.swift in Sources */,
				B507122C29F7DA5400E40EC6 /* Persistence.swift in Sources */,
				B507122529F7DA5300E40EC6 /* TaskListView.swift in Sources */,
				B5B07EBB2A49F7B700EA0A43 /* EditFieldView.swift in Sources */,
				B507123729F7DEB900E40EC6 /* FloatingButton.swift in Sources */,
				B5D31C1429F81590004B7BE4 /* TaskItemExtension.swift in Sources */,
				B5D31C1129F813BD004B7BE4 /* CheckBoxView.swift in Sources */,
				B5D31C0F29F7FD40004B7BE4 /* TaskCell.swift in Sources */,
				B507123A29F7E03D00E40EC6 /* TaskEditView.swift in Sources */,
				B507122329F7DA5300E40EC6 /* ToDoListAppApp.swift in Sources */,
				B507122F29F7DA5400E40EC6 /* ToDoListApp.xcdatamodeld in Sources */,
			);
			runOnlyForDeploymentPostprocessing = 0;
		};
/* End PBXSourcesBuildPhase section */

/* Begin XCBuildConfiguration section */
		B507123129F7DA5400E40EC6 /* Debug */ = {
			isa = XCBuildConfiguration;
			buildSettings = {
				ALWAYS_SEARCH_USER_PATHS = NO;
				CLANG_ANALYZER_NONNULL = YES;
				CLANG_ANALYZER_NUMBER_OBJECT_CONVERSION = YES_AGGRESSIVE;
				CLANG_CXX_LANGUAGE_STANDARD = "gnu++20";
				CLANG_ENABLE_MODULES = YES;
				CLANG_ENABLE_OBJC_ARC = YES;
				CLANG_ENABLE_OBJC_WEAK = YES;
				CLANG_WARN_BLOCK_CAPTURE_AUTORELEASING = YES;
				CLANG_WARN_BOOL_CONVERSION = YES;
				CLANG_WARN_COMMA = YES;
				CLANG_WARN_CONSTANT_CONVERSION = YES;
				CLANG_WARN_DEPRECATED_OBJC_IMPLEMENTATIONS = YES;
				CLANG_WARN_DIRECT_OBJC_ISA_USAGE = YES_ERROR;
				CLANG_WARN_DOCUMENTATION_COMMENTS = YES;
				CLANG_WARN_EMPTY_BODY = YES;
				CLANG_WARN_ENUM_CONVERSION = YES;
				CLANG_WARN_INFINITE_RECURSION = YES;
				CLANG_WARN_INT_CONVERSION = YES;
				CLANG_WARN_NON_LITERAL_NULL_CONVERSION = YES;
				CLANG_WARN_OBJC_IMPLICIT_RETAIN_SELF = YES;
				CLANG_WARN_OBJC_LITERAL_CONVERSION = YES;
				CLANG_WARN_OBJC_ROOT_CLASS = YES_ERROR;
				CLANG_WARN_QUOTED_INCLUDE_IN_FRAMEWORK_HEADER = YES;
				CLANG_WARN_RANGE_LOOP_ANALYSIS = YES;
				CLANG_WARN_STRICT_PROTOTYPES = YES;
				CLANG_WARN_SUSPICIOUS_MOVE = YES;
				CLANG_WARN_UNGUARDED_AVAILABILITY = YES_AGGRESSIVE;
				CLANG_WARN_UNREACHABLE_CODE = YES;
				CLANG_WARN__DUPLICATE_METHOD_MATCH = YES;
				COPY_PHASE_STRIP = NO;
				DEBUG_INFORMATION_FORMAT = dwarf;
				ENABLE_STRICT_OBJC_MSGSEND = YES;
				ENABLE_TESTABILITY = YES;
				GCC_C_LANGUAGE_STANDARD = gnu11;
				GCC_DYNAMIC_NO_PIC = NO;
				GCC_NO_COMMON_BLOCKS = YES;
				GCC_OPTIMIZATION_LEVEL = 0;
				GCC_PREPROCESSOR_DEFINITIONS = (
					"DEBUG=1",
					"$(inherited)",
				);
				GCC_WARN_64_TO_32_BIT_CONVERSION = YES;
				GCC_WARN_ABOUT_RETURN_TYPE = YES_ERROR;
				GCC_WARN_UNDECLARED_SELECTOR = YES;
				GCC_WARN_UNINITIALIZED_AUTOS = YES_AGGRESSIVE;
				GCC_WARN_UNUSED_FUNCTION = YES;
				GCC_WARN_UNUSED_VARIABLE = YES;
				IPHONEOS_DEPLOYMENT_TARGET = 16.2;
				MTL_ENABLE_DEBUG_INFO = INCLUDE_SOURCE;
				MTL_FAST_MATH = YES;
				ONLY_ACTIVE_ARCH = YES;
				SDKROOT = iphoneos;
				SWIFT_ACTIVE_COMPILATION_CONDITIONS = DEBUG;
				SWIFT_OPTIMIZATION_LEVEL = "-Onone";
			};
			name = Debug;
		};
		B507123229F7DA5400E40EC6 /* Release */ = {
			isa = XCBuildConfiguration;
			buildSettings = {
				ALWAYS_SEARCH_USER_PATHS = NO;
				CLANG_ANALYZER_NONNULL = YES;
				CLANG_ANALYZER_NUMBER_OBJECT_CONVERSION = YES_AGGRESSIVE;
				CLANG_CXX_LANGUAGE_STANDARD = "gnu++20";
				CLANG_ENABLE_MODULES = YES;
				CLANG_ENABLE_OBJC_ARC = YES;
				CLANG_ENABLE_OBJC_WEAK = YES;
				CLANG_WARN_BLOCK_CAPTURE_AUTORELEASING = YES;
				CLANG_WARN_BOOL_CONVERSION = YES;
				CLANG_WARN_COMMA = YES;
				CLANG_WARN_CONSTANT_CONVERSION = YES;
				CLANG_WARN_DEPRECATED_OBJC_IMPLEMENTATIONS = YES;
				CLANG_WARN_DIRECT_OBJC_ISA_USAGE = YES_ERROR;
				CLANG_WARN_DOCUMENTATION_COMMENTS = YES;
				CLANG_WARN_EMPTY_BODY = YES;
				CLANG_WARN_ENUM_CONVERSION = YES;
				CLANG_WARN_INFINITE_RECURSION = YES;
				CLANG_WARN_INT_CONVERSION = YES;
				CLANG_WARN_NON_LITERAL_NULL_CONVERSION = YES;
				CLANG_WARN_OBJC_IMPLICIT_RETAIN_SELF = YES;
				CLANG_WARN_OBJC_LITERAL_CONVERSION = YES;
				CLANG_WARN_OBJC_ROOT_CLASS = YES_ERROR;
				CLANG_WARN_QUOTED_INCLUDE_IN_FRAMEWORK_HEADER = YES;
				CLANG_WARN_RANGE_LOOP_ANALYSIS = YES;
				CLANG_WARN_STRICT_PROTOTYPES = YES;
				CLANG_WARN_SUSPICIOUS_MOVE = YES;
				CLANG_WARN_UNGUARDED_AVAILABILITY = YES_AGGRESSIVE;
				CLANG_WARN_UNREACHABLE_CODE = YES;
				CLANG_WARN__DUPLICATE_METHOD_MATCH = YES;
				COPY_PHASE_STRIP = NO;
				DEBUG_INFORMATION_FORMAT = "dwarf-with-dsym";
				ENABLE_NS_ASSERTIONS = NO;
				ENABLE_STRICT_OBJC_MSGSEND = YES;
				GCC_C_LANGUAGE_STANDARD = gnu11;
				GCC_NO_COMMON_BLOCKS = YES;
				GCC_WARN_64_TO_32_BIT_CONVERSION = YES;
				GCC_WARN_ABOUT_RETURN_TYPE = YES_ERROR;
				GCC_WARN_UNDECLARED_SELECTOR = YES;
				GCC_WARN_UNINITIALIZED_AUTOS = YES_AGGRESSIVE;
				GCC_WARN_UNUSED_FUNCTION = YES;
				GCC_WARN_UNUSED_VARIABLE = YES;
				IPHONEOS_DEPLOYMENT_TARGET = 16.2;
				MTL_ENABLE_DEBUG_INFO = NO;
				MTL_FAST_MATH = YES;
				SDKROOT = iphoneos;
				SWIFT_COMPILATION_MODE = wholemodule;
				SWIFT_OPTIMIZATION_LEVEL = "-O";
				VALIDATE_PRODUCT = YES;
			};
			name = Release;
		};
		B507123429F7DA5400E40EC6 /* Debug */ = {
			isa = XCBuildConfiguration;
			buildSettings = {
				ASSETCATALOG_COMPILER_APPICON_NAME = AppIcon;
				ASSETCATALOG_COMPILER_GLOBAL_ACCENT_COLOR_NAME = AccentColor;
				CODE_SIGN_STYLE = Automatic;
				CURRENT_PROJECT_VERSION = 1;
				DEVELOPMENT_ASSET_PATHS = "\"ToDoListApp/Preview Content\"";
				ENABLE_PREVIEWS = YES;
				GENERATE_INFOPLIST_FILE = YES;
				INFOPLIST_FILE = ToDoListApp/Info.plist;
				INFOPLIST_KEY_UIApplicationSupportsIndirectInputEvents = YES;
				INFOPLIST_KEY_UILaunchScreen_Generation = YES;
				INFOPLIST_KEY_UISupportedInterfaceOrientations_iPad = "UIInterfaceOrientationPortrait UIInterfaceOrientationPortraitUpsideDown UIInterfaceOrientationLandscapeLeft UIInterfaceOrientationLandscapeRight";
				INFOPLIST_KEY_UISupportedInterfaceOrientations_iPhone = "UIInterfaceOrientationPortrait UIInterfaceOrientationLandscapeLeft UIInterfaceOrientationLandscapeRight";
				LD_RUNPATH_SEARCH_PATHS = (
					"$(inherited)",
					"@executable_path/Frameworks",
				);
				MARKETING_VERSION = 1.0;
				PRODUCT_BUNDLE_IDENTIFIER = swift.ToDoListApp;
				PRODUCT_NAME = "$(TARGET_NAME)";
				SWIFT_EMIT_LOC_STRINGS = YES;
				SWIFT_VERSION = 5.0;
				TARGETED_DEVICE_FAMILY = "1,2";
			};
			name = Debug;
		};
		B507123529F7DA5400E40EC6 /* Release */ = {
			isa = XCBuildConfiguration;
			buildSettings = {
				ASSETCATALOG_COMPILER_APPICON_NAME = AppIcon;
				ASSETCATALOG_COMPILER_GLOBAL_ACCENT_COLOR_NAME = AccentColor;
				CODE_SIGN_STYLE = Automatic;
				CURRENT_PROJECT_VERSION = 1;
				DEVELOPMENT_ASSET_PATHS = "\"ToDoListApp/Preview Content\"";
				ENABLE_PREVIEWS = YES;
				GENERATE_INFOPLIST_FILE = YES;
				INFOPLIST_FILE = ToDoListApp/Info.plist;
				INFOPLIST_KEY_UIApplicationSupportsIndirectInputEvents = YES;
				INFOPLIST_KEY_UILaunchScreen_Generation = YES;
				INFOPLIST_KEY_UISupportedInterfaceOrientations_iPad = "UIInterfaceOrientationPortrait UIInterfaceOrientationPortraitUpsideDown UIInterfaceOrientationLandscapeLeft UIInterfaceOrientationLandscapeRight";
				INFOPLIST_KEY_UISupportedInterfaceOrientations_iPhone = "UIInterfaceOrientationPortrait UIInterfaceOrientationLandscapeLeft UIInterfaceOrientationLandscapeRight";
				LD_RUNPATH_SEARCH_PATHS = (
					"$(inherited)",
					"@executable_path/Frameworks",
				);
				MARKETING_VERSION = 1.0;
				PRODUCT_BUNDLE_IDENTIFIER = swift.ToDoListApp;
				PRODUCT_NAME = "$(TARGET_NAME)";
				SWIFT_EMIT_LOC_STRINGS = YES;
				SWIFT_VERSION = 5.0;
				TARGETED_DEVICE_FAMILY = "1,2";
			};
			name = Release;
		};
/* End XCBuildConfiguration section */

/* Begin XCConfigurationList section */
		B507121A29F7DA5200E40EC6 /* Build configuration list for PBXProject "ToDoListApp" */ = {
			isa = XCConfigurationList;
			buildConfigurations = (
				B507123129F7DA5400E40EC6 /* Debug */,
				B507123229F7DA5400E40EC6 /* Release */,
			);
			defaultConfigurationIsVisible = 0;
			defaultConfigurationName = Release;
		};
		B507123329F7DA5400E40EC6 /* Build configuration list for PBXNativeTarget "ToDoListApp" */ = {
			isa = XCConfigurationList;
			buildConfigurations = (
				B507123429F7DA5400E40EC6 /* Debug */,
				B507123529F7DA5400E40EC6 /* Release */,
			);
			defaultConfigurationIsVisible = 0;
			defaultConfigurationName = Release;
		};
/* End XCConfigurationList section */

/* Begin XCVersionGroup section */
		B507122D29F7DA5400E40EC6 /* ToDoListApp.xcdatamodeld */ = {
			isa = XCVersionGroup;
			children = (
				B507122E29F7DA5400E40EC6 /* ToDoListApp.xcdatamodel */,
			);
			currentVersion = B507122E29F7DA5400E40EC6 /* ToDoListApp.xcdatamodel */;
			path = ToDoListApp.xcdatamodeld;
			sourceTree = "<group>";
			versionGroupType = wrapper.xcdatamodel;
		};
/* End XCVersionGroup section */
	};
	rootObject = B507121729F7DA5200E40EC6 /* Project object */;
}
